
Microsoft Visual Studio Solution File, Format Version 12.00
# Visual Studio Version 16
VisualStudioVersion = 16.0.31019.35
MinimumVisualStudioVersion = 10.0.40219.1
Project("{9A19103F-16F7-4668-BE54-9A1E7A4F7556}") = "WebCamSharp.WindowsFormsExample", "WebCamSharp.WindowsFormsExample\WebCamSharp.WindowsFormsExample.csproj", "{FEC5FE70-891B-4631-9062-FF6A3C7D77C7}"
EndProject
Project("{9A19103F-16F7-4668-BE54-9A1E7A4F7556}") = "WebCamSharp.WpfExample", "WebCamSharp.WpfExample\WebCamSharp.WpfExample.csproj", "{A2569BA5-C89F-4147-880A-6FF30355846A}"
EndProject
Project("{9A19103F-16F7-4668-BE54-9A1E7A4F7556}") = "WebCamSharp", "WebCamSharp\WebCamSharp.csproj", "{57363AD3-0C43-44EB-B036-BB19937D47C6}"
EndProject
Global
	GlobalSection(SolutionConfigurationPlatforms) = preSolution
		Debug|Any CPU = Debug|Any CPU
		Release|Any CPU = Release|Any CPU
	EndGlobalSection
	GlobalSection(ProjectConfigurationPlatforms) = postSolution
		{FEC5FE70-891B-4631-9062-FF6A3C7D77C7}.Debug|Any CPU.ActiveCfg = Debug|Any CPU
		{FEC5FE70-891B-4631-9062-FF6A3C7D77C7}.Debug|Any CPU.Build.0 = Debug|Any CPU
		{FEC5FE70-891B-4631-9062-FF6A3C7D77C7}.Release|Any CPU.ActiveCfg = Release|Any CPU
		{FEC5FE70-891B-4631-9062-FF6A3C7D77C7}.Release|Any CPU.Build.0 = Release|Any CPU
		{A2569BA5-C89F-4147-880A-6FF30355846A}.Debug|Any CPU.ActiveCfg = Debug|Any CPU
		{A2569BA5-C89F-4147-880A-6FF30355846A}.Debug|Any CPU.Build.0 = Debug|Any CPU
		{A2569BA5-C89F-4147-880A-6FF30355846A}.Release|Any CPU.ActiveCfg = Release|Any CPU
		{A2569BA5-C89F-4147-880A-6FF30355846A}.Release|Any CPU.Build.0 = Release|Any CPU
		{57363AD3-0C43-44EB-B036-BB19937D47C6}.Debug|Any CPU.ActiveCfg = Debug|Any CPU
		{57363AD3-0C43-44EB-B036-BB19937D47C6}.Debug|Any CPU.Build.0 = Debug|Any CPU
		{57363AD3-0C43-44EB-B036-BB19937D47C6}.Release|Any CPU.ActiveCfg = Release|Any CPU
		{57363AD3-0C43-44EB-B036-BB19937D47C6}.Release|Any CPU.Build.0 = Release|Any CPU
	EndGlobalSection
	GlobalSection(SolutionProperties) = preSolution
		HideSolutionNode = FALSE
	EndGlobalSection
	GlobalSection(ExtensibilityGlobals) = postSolution
		SolutionGuid = {92DA020E-59E2-4D2E-B0C7-87AE5DB2AC47}
	EndGlobalSection
EndGlobal
